PODS:
  - Flutter (1.0.0)
  - flutter_gt_push_plugin (0.0.1):
    - Flutter
    - GTSDK
  - GTSDK (2.4.0.0)

DEPENDENCIES:
  - Flutter (from `.symlinks/flutter/ios`)
  - flutter_gt_push_plugin (from `.symlinks/plugins/flutter_gt_push_plugin/ios`)

SPEC REPOS:
  https://github.com/cocoapods/specs.git:
    - GTSDK

EXTERNAL SOURCES:
  Flutter:
    :path: ".symlinks/flutter/ios"
  flutter_gt_push_plugin:
    :path: ".symlinks/plugins/flutter_gt_push_plugin/ios"

SPEC CHECKSUMS:
  Flutter: 58dd7d1b27887414a370fcccb9e645c08ffd7a6a
  flutter_gt_push_plugin: 3d5d9f8817910e162e99c1468ad4cdcd4a271594
  GTSDK: bba418c3949cd5450b004c7ff0e2fe297fa98565

PODFILE CHECKSUM: c79974d4be58dbb5d99f1e41ddbd7bf007a468b3

COCOAPODS: 1.6.0.beta.2
