PODS:
  - Flutter (1.0.0)
  - flutter_gt_push_plugin (0.0.1):
    - Flutter
    - GTSDK
  - GTSDK (2.4.0.0)

DEPENDENCIES:
  - Flutter (from `.symlinks/flutter/ios`)
  - flutter_gt_push_plugin (from `.symlinks/plugins/flutter_gt_push_plugin/ios`)

SPEC REPOS:
  https://github.com/cocoapods/specs.git:
    - GTSDK

EXTERNAL SOURCES:
  Flutter:
    :path: ".symlinks/flutter/ios"
  flutter_gt_push_plugin:
    :path: ".symlinks/plugins/flutter_gt_push_plugin/ios"

SPEC CHECKSUMS:
  Flutter: 58dd7d1b27887414a370fcccb9e645c08ffd7a6a
  flutter_gt_push_plugin: 2d6a262bab1392d2befb08d5e470777a5512f638
  GTSDK: bba418c3949cd5450b004c7ff0e2fe297fa98565

PODFILE CHECKSUM: e1cf4b6a7f23b0e5561003614b15e23465679677

COCOAPODS: 1.6.0.beta.2
